// !$*UTF8*$!
{
	archiveVersion = 1;
	classes = {
	};
	objectVersion = 56;
	objects = {

/* Begin PBXBuildFile section */
		3E9B2FB92B27E18600408803 /* Assets.xcassets in Resources */ = {isa = PBXBuildFile; fileRef = 3E9B2FB82B27E18600408803 /* Assets.xcassets */; };
		3E9B2FBB2B27E22800408803 /* LaunchScreen.storyboard in Resources */ = {isa = PBXBuildFile; fileRef = 3E9B2FBA2B27E22700408803 /* LaunchScreen.storyboard */; };
		3E9B2FC02B27E56A00408803 /* BrowseView.swift in Sources */ = {isa = PBXBuildFile; fileRef = 3E9B2FBF2B27E56A00408803 /* BrowseView.swift */; };
		3E9B2FC22B27E5A900408803 /* OnboardingViewPart2.swift in Sources */ = {isa = PBXBuildFile; fileRef = 3E9B2FC12B27E5A900408803 /* OnboardingViewPart2.swift */; };
		3E9B2FC42B27E5E500408803 /* SignUpView.swift in Sources */ = {isa = PBXBuildFile; fileRef = 3E9B2FC32B27E5E500408803 /* SignUpView.swift */; };
		3E9B2FC62B27E60A00408803 /* CommentsView.swift in Sources */ = {isa = PBXBuildFile; fileRef = 3E9B2FC52B27E60A00408803 /* CommentsView.swift */; };
		3E9B2FC82B27E62C00408803 /* PostImageView.swift in Sources */ = {isa = PBXBuildFile; fileRef = 3E9B2FC72B27E62C00408803 /* PostImageView.swift */; };
		3E9B2FCA2B27E64D00408803 /* UploadView.swift in Sources */ = {isa = PBXBuildFile; fileRef = 3E9B2FC92B27E64D00408803 /* UploadView.swift */; };
		3E9B2FCC2B27E66B00408803 /* ProfileView.swift in Sources */ = {isa = PBXBuildFile; fileRef = 3E9B2FCB2B27E66B00408803 /* ProfileView.swift */; };
		3E9B2FCE2B27E68C00408803 /* SettingsEditImageView.swift in Sources */ = {isa = PBXBuildFile; fileRef = 3E9B2FCD2B27E68C00408803 /* SettingsEditImageView.swift */; };
		3E9B2FD02B27E6AF00408803 /* FeedView.swift in Sources */ = {isa = PBXBuildFile; fileRef = 3E9B2FCF2B27E6AF00408803 /* FeedView.swift */; };
		3E9B2FD22B27E6CC00408803 /* SettingsEditTextView.swift in Sources */ = {isa = PBXBuildFile; fileRef = 3E9B2FD12B27E6CC00408803 /* SettingsEditTextView.swift */; };
		3E9B2FD42B27E6E500408803 /* OnboardingView.swift in Sources */ = {isa = PBXBuildFile; fileRef = 3E9B2FD32B27E6E500408803 /* OnboardingView.swift */; };
		3E9B2FD62B27E70400408803 /* SettingsView.swift in Sources */ = {isa = PBXBuildFile; fileRef = 3E9B2FD52B27E70400408803 /* SettingsView.swift */; };
		3E9B2FD82B27E78300408803 /* ProfileHeaderView.swift in Sources */ = {isa = PBXBuildFile; fileRef = 3E9B2FD72B27E78300408803 /* ProfileHeaderView.swift */; };
		3E9B2FDA2B27E7B900408803 /* PostView.swift in Sources */ = {isa = PBXBuildFile; fileRef = 3E9B2FD92B27E7B900408803 /* PostView.swift */; };
		3E9B2FDC2B27E7D300408803 /* MessageView.swift in Sources */ = {isa = PBXBuildFile; fileRef = 3E9B2FDB2B27E7D300408803 /* MessageView.swift */; };
		3E9B2FDE2B27E7E800408803 /* LikeAnimationView.swift in Sources */ = {isa = PBXBuildFile; fileRef = 3E9B2FDD2B27E7E800408803 /* LikeAnimationView.swift */; };
		3E9B2FE02B27E80100408803 /* ImagePicker.swift in Sources */ = {isa = PBXBuildFile; fileRef = 3E9B2FDF2B27E80100408803 /* ImagePicker.swift */; };
		3E9B2FE22B27E81800408803 /* ImageGridView.swift in Sources */ = {isa = PBXBuildFile; fileRef = 3E9B2FE12B27E81800408803 /* ImageGridView.swift */; };
		3E9B2FE42B27E83C00408803 /* SignInWithAppleButtonCustom.swift in Sources */ = {isa = PBXBuildFile; fileRef = 3E9B2FE32B27E83C00408803 /* SignInWithAppleButtonCustom.swift */; };
		3E9B2FE62B27E85500408803 /* SettingsRowView.swift in Sources */ = {isa = PBXBuildFile; fileRef = 3E9B2FE52B27E85500408803 /* SettingsRowView.swift */; };
		3E9B2FE82B27E86C00408803 /* SettingsLabelView.swift in Sources */ = {isa = PBXBuildFile; fileRef = 3E9B2FE72B27E86C00408803 /* SettingsLabelView.swift */; };
		3E9B2FEA2B27E88100408803 /* CarouselView.swift in Sources */ = {isa = PBXBuildFile; fileRef = 3E9B2FE92B27E88100408803 /* CarouselView.swift */; };
		3E9B2FEC2B27E8C300408803 /* adfsdafsdf.swift in Sources */ = {isa = PBXBuildFile; fileRef = 3E9B2FEB2B27E8C300408803 /* adfsdafsdf.swift */; };
		3E9B2FEF2B27E90800408803 /* Extensions.swift in Sources */ = {isa = PBXBuildFile; fileRef = 3E9B2FEE2B27E90800408803 /* Extensions.swift */; };
		3E9B2FF22B27E95400408803 /* PostModel.swift in Sources */ = {isa = PBXBuildFile; fileRef = 3E9B2FF12B27E95400408803 /* PostModel.swift */; };
		3E9B2FF42B27E96A00408803 /* PostArrayObject.swift in Sources */ = {isa = PBXBuildFile; fileRef = 3E9B2FF32B27E96A00408803 /* PostArrayObject.swift */; };
		3E9B2FF62B27E98000408803 /* CommentModel.swift in Sources */ = {isa = PBXBuildFile; fileRef = 3E9B2FF52B27E98000408803 /* CommentModel.swift */; };
		3E9B2FF82B2811A800408803 /* GoogleService-Info.plist in Resources */ = {isa = PBXBuildFile; fileRef = 3E9B2FF72B2811A800408803 /* GoogleService-Info.plist */; };
		3E9B2FFB2B2812FE00408803 /* FirebaseAnalytics in Frameworks */ = {isa = PBXBuildFile; productRef = 3E9B2FFA2B2812FE00408803 /* FirebaseAnalytics */; };
		3E9B2FFD2B2812FF00408803 /* FirebaseAnalyticsOnDeviceConversion in Frameworks */ = {isa = PBXBuildFile; productRef = 3E9B2FFC2B2812FF00408803 /* FirebaseAnalyticsOnDeviceConversion */; };
		3E9B2FFF2B2812FF00408803 /* FirebaseAnalyticsSwift in Frameworks */ = {isa = PBXBuildFile; productRef = 3E9B2FFE2B2812FF00408803 /* FirebaseAnalyticsSwift */; };
		3E9B30012B2812FF00408803 /* FirebaseAnalyticsWithoutAdIdSupport in Frameworks */ = {isa = PBXBuildFile; productRef = 3E9B30002B2812FF00408803 /* FirebaseAnalyticsWithoutAdIdSupport */; };
		3E9B30032B2812FF00408803 /* FirebaseAppCheck in Frameworks */ = {isa = PBXBuildFile; productRef = 3E9B30022B2812FF00408803 /* FirebaseAppCheck */; };
		3E9B5BB12B2820C700408803 /* FirebaseAnalytics in Frameworks */ = {isa = PBXBuildFile; productRef = 3E9B5BB02B2820C700408803 /* FirebaseAnalytics */; };
		3E9B5BB32B2820C700408803 /* FirebaseAnalyticsOnDeviceConversion in Frameworks */ = {isa = PBXBuildFile; productRef = 3E9B5BB22B2820C700408803 /* FirebaseAnalyticsOnDeviceConversion */; };
		3E9B5BB52B2820C700408803 /* FirebaseAnalyticsSwift in Frameworks */ = {isa = PBXBuildFile; productRef = 3E9B5BB42B2820C700408803 /* FirebaseAnalyticsSwift */; };
		3E9B5BB72B2820C700408803 /* FirebaseAnalyticsWithoutAdIdSupport in Frameworks */ = {isa = PBXBuildFile; productRef = 3E9B5BB62B2820C700408803 /* FirebaseAnalyticsWithoutAdIdSupport */; };
		3E9B5BB92B2820C700408803 /* FirebaseAppCheck in Frameworks */ = {isa = PBXBuildFile; productRef = 3E9B5BB82B2820C700408803 /* FirebaseAppCheck */; };
		3E9B5BBB2B2820C700408803 /* FirebaseAppDistribution-Beta in Frameworks */ = {isa = PBXBuildFile; productRef = 3E9B5BBA2B2820C700408803 /* FirebaseAppDistribution-Beta */; };
		3E9B5BBD2B2820C700408803 /* FirebaseAuth in Frameworks */ = {isa = PBXBuildFile; productRef = 3E9B5BBC2B2820C700408803 /* FirebaseAuth */; };
		3E9B5BBF2B2820C700408803 /* FirebaseAuthCombine-Community in Frameworks */ = {isa = PBXBuildFile; productRef = 3E9B5BBE2B2820C700408803 /* FirebaseAuthCombine-Community */; };
		3E9B5BC12B2820C700408803 /* FirebaseCrashlytics in Frameworks */ = {isa = PBXBuildFile; productRef = 3E9B5BC02B2820C700408803 /* FirebaseCrashlytics */; };
		3E9B5BC32B2820C700408803 /* FirebaseDatabase in Frameworks */ = {isa = PBXBuildFile; productRef = 3E9B5BC22B2820C700408803 /* FirebaseDatabase */; };
		3E9B5BC52B2820C700408803 /* FirebaseDatabaseSwift in Frameworks */ = {isa = PBXBuildFile; productRef = 3E9B5BC42B2820C700408803 /* FirebaseDatabaseSwift */; };
		3E9B5BC72B2820C700408803 /* FirebaseDynamicLinks in Frameworks */ = {isa = PBXBuildFile; productRef = 3E9B5BC62B2820C700408803 /* FirebaseDynamicLinks */; };
		3E9B5BC92B2820C700408803 /* FirebaseFirestore in Frameworks */ = {isa = PBXBuildFile; productRef = 3E9B5BC82B2820C700408803 /* FirebaseFirestore */; };
		3E9B5BCB2B2820C700408803 /* FirebaseFirestoreCombine-Community in Frameworks */ = {isa = PBXBuildFile; productRef = 3E9B5BCA2B2820C700408803 /* FirebaseFirestoreCombine-Community */; };
		3E9B5BCD2B2820C700408803 /* FirebaseFirestoreSwift in Frameworks */ = {isa = PBXBuildFile; productRef = 3E9B5BCC2B2820C700408803 /* FirebaseFirestoreSwift */; };
		3E9B5BCF2B2820C700408803 /* FirebaseFunctions in Frameworks */ = {isa = PBXBuildFile; productRef = 3E9B5BCE2B2820C700408803 /* FirebaseFunctions */; };
		3E9B5BD12B2820C700408803 /* FirebaseFunctionsCombine-Community in Frameworks */ = {isa = PBXBuildFile; productRef = 3E9B5BD02B2820C700408803 /* FirebaseFunctionsCombine-Community */; };
		3E9B5BD32B2820C700408803 /* FirebaseInAppMessaging-Beta in Frameworks */ = {isa = PBXBuildFile; productRef = 3E9B5BD22B2820C700408803 /* FirebaseInAppMessaging-Beta */; };
		3E9B5BD52B2820C700408803 /* FirebaseInAppMessagingSwift-Beta in Frameworks */ = {isa = PBXBuildFile; productRef = 3E9B5BD42B2820C700408803 /* FirebaseInAppMessagingSwift-Beta */; };
		3E9B5BD72B2820C700408803 /* FirebaseInstallations in Frameworks */ = {isa = PBXBuildFile; productRef = 3E9B5BD62B2820C700408803 /* FirebaseInstallations */; };
		3E9B5BD92B2820C700408803 /* FirebaseMLModelDownloader in Frameworks */ = {isa = PBXBuildFile; productRef = 3E9B5BD82B2820C700408803 /* FirebaseMLModelDownloader */; };
		3E9B5BDB2B2820C700408803 /* FirebaseMessaging in Frameworks */ = {isa = PBXBuildFile; productRef = 3E9B5BDA2B2820C700408803 /* FirebaseMessaging */; };
		3E9B5BDD2B2820C700408803 /* FirebasePerformance in Frameworks */ = {isa = PBXBuildFile; productRef = 3E9B5BDC2B2820C700408803 /* FirebasePerformance */; };
		3E9B5BDF2B2820C700408803 /* FirebaseRemoteConfig in Frameworks */ = {isa = PBXBuildFile; productRef = 3E9B5BDE2B2820C700408803 /* FirebaseRemoteConfig */; };
		3E9B5BE12B2820C700408803 /* FirebaseRemoteConfigSwift in Frameworks */ = {isa = PBXBuildFile; productRef = 3E9B5BE02B2820C700408803 /* FirebaseRemoteConfigSwift */; };
		3E9B5BE32B2820C700408803 /* FirebaseStorage in Frameworks */ = {isa = PBXBuildFile; productRef = 3E9B5BE22B2820C700408803 /* FirebaseStorage */; };
		3E9B5BE52B2820C700408803 /* FirebaseStorageCombine-Community in Frameworks */ = {isa = PBXBuildFile; productRef = 3E9B5BE42B2820C700408803 /* FirebaseStorageCombine-Community */; };
		3E9B5BE72B28225000408803 /* FirebaseAnalytics in Frameworks */ = {isa = PBXBuildFile; productRef = 3E9B5BE62B28225000408803 /* FirebaseAnalytics */; };
		3E9B5BE92B28225000408803 /* FirebaseAnalyticsOnDeviceConversion in Frameworks */ = {isa = PBXBuildFile; productRef = 3E9B5BE82B28225000408803 /* FirebaseAnalyticsOnDeviceConversion */; };
		3E9B5BEB2B28225000408803 /* FirebaseAnalyticsSwift in Frameworks */ = {isa = PBXBuildFile; productRef = 3E9B5BEA2B28225000408803 /* FirebaseAnalyticsSwift */; };
		3E9B5BED2B28225000408803 /* FirebaseAnalyticsWithoutAdIdSupport in Frameworks */ = {isa = PBXBuildFile; productRef = 3E9B5BEC2B28225000408803 /* FirebaseAnalyticsWithoutAdIdSupport */; };
		3E9B5BEF2B28225000408803 /* FirebaseAppCheck in Frameworks */ = {isa = PBXBuildFile; productRef = 3E9B5BEE2B28225000408803 /* FirebaseAppCheck */; };
		3E9B5BF12B28225000408803 /* FirebaseAppDistribution-Beta in Frameworks */ = {isa = PBXBuildFile; productRef = 3E9B5BF02B28225000408803 /* FirebaseAppDistribution-Beta */; };
		3E9B5BF32B28225000408803 /* FirebaseAuth in Frameworks */ = {isa = PBXBuildFile; productRef = 3E9B5BF22B28225000408803 /* FirebaseAuth */; };
		3E9B5BF52B28225000408803 /* FirebaseAuthCombine-Community in Frameworks */ = {isa = PBXBuildFile; productRef = 3E9B5BF42B28225000408803 /* FirebaseAuthCombine-Community */; };
		3E9B5BF72B28225000408803 /* FirebaseCrashlytics in Frameworks */ = {isa = PBXBuildFile; productRef = 3E9B5BF62B28225000408803 /* FirebaseCrashlytics */; };
		3E9B5BF92B28225000408803 /* FirebaseDatabase in Frameworks */ = {isa = PBXBuildFile; productRef = 3E9B5BF82B28225000408803 /* FirebaseDatabase */; };
		3E9B5BFB2B28225000408803 /* FirebaseDatabaseSwift in Frameworks */ = {isa = PBXBuildFile; productRef = 3E9B5BFA2B28225000408803 /* FirebaseDatabaseSwift */; };
		3E9B5BFD2B28225000408803 /* FirebaseDynamicLinks in Frameworks */ = {isa = PBXBuildFile; productRef = 3E9B5BFC2B28225000408803 /* FirebaseDynamicLinks */; };
		3E9B5BFF2B28225000408803 /* FirebaseFirestore in Frameworks */ = {isa = PBXBuildFile; productRef = 3E9B5BFE2B28225000408803 /* FirebaseFirestore */; };
		3E9B5C012B28225000408803 /* FirebaseFirestoreCombine-Community in Frameworks */ = {isa = PBXBuildFile; productRef = 3E9B5C002B28225000408803 /* FirebaseFirestoreCombine-Community */; };
		3E9B5C032B28225000408803 /* FirebaseFirestoreSwift in Frameworks */ = {isa = PBXBuildFile; productRef = 3E9B5C022B28225000408803 /* FirebaseFirestoreSwift */; };
		3E9B5C052B28225000408803 /* FirebaseFunctions in Frameworks */ = {isa = PBXBuildFile; productRef = 3E9B5C042B28225000408803 /* FirebaseFunctions */; };
		3E9B5C072B28225000408803 /* FirebaseFunctionsCombine-Community in Frameworks */ = {isa = PBXBuildFile; productRef = 3E9B5C062B28225000408803 /* FirebaseFunctionsCombine-Community */; };
		3E9B5C092B28225000408803 /* FirebaseInAppMessaging-Beta in Frameworks */ = {isa = PBXBuildFile; productRef = 3E9B5C082B28225000408803 /* FirebaseInAppMessaging-Beta */; };
		3E9B5C0B2B28225000408803 /* FirebaseInAppMessagingSwift-Beta in Frameworks */ = {isa = PBXBuildFile; productRef = 3E9B5C0A2B28225000408803 /* FirebaseInAppMessagingSwift-Beta */; };
		3E9B5C0D2B28225000408803 /* FirebaseInstallations in Frameworks */ = {isa = PBXBuildFile; productRef = 3E9B5C0C2B28225000408803 /* FirebaseInstallations */; };
		3E9B5C0F2B28225000408803 /* FirebaseMLModelDownloader in Frameworks */ = {isa = PBXBuildFile; productRef = 3E9B5C0E2B28225000408803 /* FirebaseMLModelDownloader */; };
		3E9B5C112B28225000408803 /* FirebaseMessaging in Frameworks */ = {isa = PBXBuildFile; productRef = 3E9B5C102B28225000408803 /* FirebaseMessaging */; };
		3E9B5C132B28225000408803 /* FirebasePerformance in Frameworks */ = {isa = PBXBuildFile; productRef = 3E9B5C122B28225000408803 /* FirebasePerformance */; };
		3E9B5C152B28225000408803 /* FirebaseRemoteConfig in Frameworks */ = {isa = PBXBuildFile; productRef = 3E9B5C142B28225000408803 /* FirebaseRemoteConfig */; };
		3E9B5C172B28225000408803 /* FirebaseRemoteConfigSwift in Frameworks */ = {isa = PBXBuildFile; productRef = 3E9B5C162B28225000408803 /* FirebaseRemoteConfigSwift */; };
		3E9B5C192B28225000408803 /* FirebaseStorage in Frameworks */ = {isa = PBXBuildFile; productRef = 3E9B5C182B28225000408803 /* FirebaseStorage */; };
		3E9B5C1B2B28225000408803 /* FirebaseStorageCombine-Community in Frameworks */ = {isa = PBXBuildFile; productRef = 3E9B5C1A2B28225000408803 /* FirebaseStorageCombine-Community */; };
		3E9ED56A2B27CAC5000CC7F9 /* DogGramApp.swift in Sources */ = {isa = PBXBuildFile; fileRef = 3E9ED5692B27CAC5000CC7F9 /* DogGramApp.swift */; };
		3E9ED56C2B27CAC5000CC7F9 /* ContentView.swift in Sources */ = {isa = PBXBuildFile; fileRef = 3E9ED56B2B27CAC5000CC7F9 /* ContentView.swift */; };
		3E9ED5712B27CAC7000CC7F9 /* Preview Assets.xcassets in Resources */ = {isa = PBXBuildFile; fileRef = 3E9ED5702B27CAC7000CC7F9 /* Preview Assets.xcassets */; };
/* End PBXBuildFile section */

/* Begin PBXFileReference section */
		3E9B2FB82B27E18600408803 /* Assets.xcassets */ = {isa = PBXFileReference; lastKnownFileType = folder.assetcatalog; path = Assets.xcassets; sourceTree = "<group>"; };
		3E9B2FBA2B27E22700408803 /* LaunchScreen.storyboard */ = {isa = PBXFileReference; fileEncoding = 4; lastKnownFileType = file.storyboard; path = LaunchScreen.storyboard; sourceTree = "<group>"; };
		3E9B2FBF2B27E56A00408803 /* BrowseView.swift */ = {isa = PBXFileReference; lastKnownFileType = sourcecode.swift; path = BrowseView.swift; sourceTree = "<group>"; };
		3E9B2FC12B27E5A900408803 /* OnboardingViewPart2.swift */ = {isa = PBXFileReference; lastKnownFileType = sourcecode.swift; path = OnboardingViewPart2.swift; sourceTree = "<group>"; };
		3E9B2FC32B27E5E500408803 /* SignUpView.swift */ = {isa = PBXFileReference; lastKnownFileType = sourcecode.swift; path = SignUpView.swift; sourceTree = "<group>"; };
		3E9B2FC52B27E60A00408803 /* CommentsView.swift */ = {isa = PBXFileReference; lastKnownFileType = sourcecode.swift; path = CommentsView.swift; sourceTree = "<group>"; };
		3E9B2FC72B27E62C00408803 /* PostImageView.swift */ = {isa = PBXFileReference; lastKnownFileType = sourcecode.swift; path = PostImageView.swift; sourceTree = "<group>"; };
		3E9B2FC92B27E64D00408803 /* UploadView.swift */ = {isa = PBXFileReference; lastKnownFileType = sourcecode.swift; path = UploadView.swift; sourceTree = "<group>"; };
		3E9B2FCB2B27E66B00408803 /* ProfileView.swift */ = {isa = PBXFileReference; lastKnownFileType = sourcecode.swift; path = ProfileView.swift; sourceTree = "<group>"; };
		3E9B2FCD2B27E68C00408803 /* SettingsEditImageView.swift */ = {isa = PBXFileReference; lastKnownFileType = sourcecode.swift; path = SettingsEditImageView.swift; sourceTree = "<group>"; };
		3E9B2FCF2B27E6AF00408803 /* FeedView.swift */ = {isa = PBXFileReference; lastKnownFileType = sourcecode.swift; path = FeedView.swift; sourceTree = "<group>"; };
		3E9B2FD12B27E6CC00408803 /* SettingsEditTextView.swift */ = {isa = PBXFileReference; lastKnownFileType = sourcecode.swift; path = SettingsEditTextView.swift; sourceTree = "<group>"; };
		3E9B2FD32B27E6E500408803 /* OnboardingView.swift */ = {isa = PBXFileReference; lastKnownFileType = sourcecode.swift; path = OnboardingView.swift; sourceTree = "<group>"; };
		3E9B2FD52B27E70400408803 /* SettingsView.swift */ = {isa = PBXFileReference; lastKnownFileType = sourcecode.swift; path = SettingsView.swift; sourceTree = "<group>"; };
		3E9B2FD72B27E78300408803 /* ProfileHeaderView.swift */ = {isa = PBXFileReference; lastKnownFileType = sourcecode.swift; path = ProfileHeaderView.swift; sourceTree = "<group>"; };
		3E9B2FD92B27E7B900408803 /* PostView.swift */ = {isa = PBXFileReference; lastKnownFileType = sourcecode.swift; path = PostView.swift; sourceTree = "<group>"; };
		3E9B2FDB2B27E7D300408803 /* MessageView.swift */ = {isa = PBXFileReference; lastKnownFileType = sourcecode.swift; path = MessageView.swift; sourceTree = "<group>"; };
		3E9B2FDD2B27E7E800408803 /* LikeAnimationView.swift */ = {isa = PBXFileReference; lastKnownFileType = sourcecode.swift; path = LikeAnimationView.swift; sourceTree = "<group>"; };
		3E9B2FDF2B27E80100408803 /* ImagePicker.swift */ = {isa = PBXFileReference; lastKnownFileType = sourcecode.swift; path = ImagePicker.swift; sourceTree = "<group>"; };
		3E9B2FE12B27E81800408803 /* ImageGridView.swift */ = {isa = PBXFileReference; lastKnownFileType = sourcecode.swift; path = ImageGridView.swift; sourceTree = "<group>"; };
		3E9B2FE32B27E83C00408803 /* SignInWithAppleButtonCustom.swift */ = {isa = PBXFileReference; lastKnownFileType = sourcecode.swift; path = SignInWithAppleButtonCustom.swift; sourceTree = "<group>"; };
		3E9B2FE52B27E85500408803 /* SettingsRowView.swift */ = {isa = PBXFileReference; lastKnownFileType = sourcecode.swift; path = SettingsRowView.swift; sourceTree = "<group>"; };
		3E9B2FE72B27E86C00408803 /* SettingsLabelView.swift */ = {isa = PBXFileReference; lastKnownFileType = sourcecode.swift; path = SettingsLabelView.swift; sourceTree = "<group>"; };
		3E9B2FE92B27E88100408803 /* CarouselView.swift */ = {isa = PBXFileReference; lastKnownFileType = sourcecode.swift; path = CarouselView.swift; sourceTree = "<group>"; };
		3E9B2FEB2B27E8C300408803 /* adfsdafsdf.swift */ = {isa = PBXFileReference; lastKnownFileType = sourcecode.swift; path = adfsdafsdf.swift; sourceTree = "<group>"; };
		3E9B2FEE2B27E90800408803 /* Extensions.swift */ = {isa = PBXFileReference; lastKnownFileType = sourcecode.swift; path = Extensions.swift; sourceTree = "<group>"; };
		3E9B2FF12B27E95400408803 /* PostModel.swift */ = {isa = PBXFileReference; lastKnownFileType = sourcecode.swift; path = PostModel.swift; sourceTree = "<group>"; };
		3E9B2FF32B27E96A00408803 /* PostArrayObject.swift */ = {isa = PBXFileReference; lastKnownFileType = sourcecode.swift; path = PostArrayObject.swift; sourceTree = "<group>"; };
		3E9B2FF52B27E98000408803 /* CommentModel.swift */ = {isa = PBXFileReference; lastKnownFileType = sourcecode.swift; path = CommentModel.swift; sourceTree = "<group>"; };
		3E9B2FF72B2811A800408803 /* GoogleService-Info.plist */ = {isa = PBXFileReference; fileEncoding = 4; lastKnownFileType = text.plist.xml; path = "GoogleService-Info.plist"; sourceTree = "<group>"; };
		3E9ED5662B27CAC5000CC7F9 /* DogGramApp.app */ = {isa = PBXFileReference; explicitFileType = wrapper.application; includeInIndex = 0; path = DogGramApp.app; sourceTree = BUILT_PRODUCTS_DIR; };
		3E9ED5692B27CAC5000CC7F9 /* DogGramApp.swift */ = {isa = PBXFileReference; lastKnownFileType = sourcecode.swift; path = DogGramApp.swift; sourceTree = "<group>"; };
		3E9ED56B2B27CAC5000CC7F9 /* ContentView.swift */ = {isa = PBXFileReference; lastKnownFileType = sourcecode.swift; path = ContentView.swift; sourceTree = "<group>"; };
		3E9ED5702B27CAC7000CC7F9 /* Preview Assets.xcassets */ = {isa = PBXFileReference; lastKnownFileType = folder.assetcatalog; path = "Preview Assets.xcassets"; sourceTree = "<group>"; };
/* End PBXFileReference section */

/* Begin PBXFrameworksBuildPhase section */
		3E9ED5632B27CAC5000CC7F9 /* Frameworks */ = {
			isa = PBXFrameworksBuildPhase;
			buildActionMask = 2147483647;
			files = (
				3E9B5C112B28225000408803 /* FirebaseMessaging in Frameworks */,
				3E9B5BDB2B2820C700408803 /* FirebaseMessaging in Frameworks */,
				3E9B5C0B2B28225000408803 /* FirebaseInAppMessagingSwift-Beta in Frameworks */,
				3E9B5BE92B28225000408803 /* FirebaseAnalyticsOnDeviceConversion in Frameworks */,
				3E9B5BCB2B2820C700408803 /* FirebaseFirestoreCombine-Community in Frameworks */,
				3E9B5BC32B2820C700408803 /* FirebaseDatabase in Frameworks */,
				3E9B5BEF2B28225000408803 /* FirebaseAppCheck in Frameworks */,
				3E9B5BEB2B28225000408803 /* FirebaseAnalyticsSwift in Frameworks */,
				3E9B2FFF2B2812FF00408803 /* FirebaseAnalyticsSwift in Frameworks */,
				3E9B5BE32B2820C700408803 /* FirebaseStorage in Frameworks */,
				3E9B5BED2B28225000408803 /* FirebaseAnalyticsWithoutAdIdSupport in Frameworks */,
				3E9B5C192B28225000408803 /* FirebaseStorage in Frameworks */,
				3E9B5C1B2B28225000408803 /* FirebaseStorageCombine-Community in Frameworks */,
				3E9B2FFB2B2812FE00408803 /* FirebaseAnalytics in Frameworks */,
				3E9B5BF32B28225000408803 /* FirebaseAuth in Frameworks */,
				3E9B5BB12B2820C700408803 /* FirebaseAnalytics in Frameworks */,
				3E9B5BF92B28225000408803 /* FirebaseDatabase in Frameworks */,
				3E9B5BC12B2820C700408803 /* FirebaseCrashlytics in Frameworks */,
				3E9B5C0D2B28225000408803 /* FirebaseInstallations in Frameworks */,
				3E9B5BC92B2820C700408803 /* FirebaseFirestore in Frameworks */,
				3E9B5BC72B2820C700408803 /* FirebaseDynamicLinks in Frameworks */,
				3E9B5BE52B2820C700408803 /* FirebaseStorageCombine-Community in Frameworks */,
				3E9B5BFB2B28225000408803 /* FirebaseDatabaseSwift in Frameworks */,
				3E9B5C172B28225000408803 /* FirebaseRemoteConfigSwift in Frameworks */,
				3E9B5BB32B2820C700408803 /* FirebaseAnalyticsOnDeviceConversion in Frameworks */,
				3E9B5C132B28225000408803 /* FirebasePerformance in Frameworks */,
				3E9B5BD12B2820C700408803 /* FirebaseFunctionsCombine-Community in Frameworks */,
				3E9B5BD52B2820C700408803 /* FirebaseInAppMessagingSwift-Beta in Frameworks */,
				3E9B5BD92B2820C700408803 /* FirebaseMLModelDownloader in Frameworks */,
				3E9B5BD32B2820C700408803 /* FirebaseInAppMessaging-Beta in Frameworks */,
				3E9B5BFF2B28225000408803 /* FirebaseFirestore in Frameworks */,
				3E9B5BFD2B28225000408803 /* FirebaseDynamicLinks in Frameworks */,
				3E9B5C032B28225000408803 /* FirebaseFirestoreSwift in Frameworks */,
				3E9B5BDD2B2820C700408803 /* FirebasePerformance in Frameworks */,
				3E9B5C152B28225000408803 /* FirebaseRemoteConfig in Frameworks */,
				3E9B5C052B28225000408803 /* FirebaseFunctions in Frameworks */,
				3E9B5C072B28225000408803 /* FirebaseFunctionsCombine-Community in Frameworks */,
				3E9B5C092B28225000408803 /* FirebaseInAppMessaging-Beta in Frameworks */,
				3E9B5BE72B28225000408803 /* FirebaseAnalytics in Frameworks */,
				3E9B5BBF2B2820C700408803 /* FirebaseAuthCombine-Community in Frameworks */,
				3E9B5BB52B2820C700408803 /* FirebaseAnalyticsSwift in Frameworks */,
				3E9B5BC52B2820C700408803 /* FirebaseDatabaseSwift in Frameworks */,
				3E9B2FFD2B2812FF00408803 /* FirebaseAnalyticsOnDeviceConversion in Frameworks */,
				3E9B5BDF2B2820C700408803 /* FirebaseRemoteConfig in Frameworks */,
				3E9B30032B2812FF00408803 /* FirebaseAppCheck in Frameworks */,
				3E9B5BBD2B2820C700408803 /* FirebaseAuth in Frameworks */,
				3E9B5BCF2B2820C700408803 /* FirebaseFunctions in Frameworks */,
				3E9B5BF72B28225000408803 /* FirebaseCrashlytics in Frameworks */,
				3E9B5BD72B2820C700408803 /* FirebaseInstallations in Frameworks */,
				3E9B5C012B28225000408803 /* FirebaseFirestoreCombine-Community in Frameworks */,
				3E9B5BF12B28225000408803 /* FirebaseAppDistribution-Beta in Frameworks */,
				3E9B5BCD2B2820C700408803 /* FirebaseFirestoreSwift in Frameworks */,
				3E9B5C0F2B28225000408803 /* FirebaseMLModelDownloader in Frameworks */,
				3E9B5BB72B2820C700408803 /* FirebaseAnalyticsWithoutAdIdSupport in Frameworks */,
				3E9B5BB92B2820C700408803 /* FirebaseAppCheck in Frameworks */,
				3E9B5BE12B2820C700408803 /* FirebaseRemoteConfigSwift in Frameworks */,
				3E9B5BBB2B2820C700408803 /* FirebaseAppDistribution-Beta in Frameworks */,
				3E9B30012B2812FF00408803 /* FirebaseAnalyticsWithoutAdIdSupport in Frameworks */,
				3E9B5BF52B28225000408803 /* FirebaseAuthCombine-Community in Frameworks */,
			);
			runOnlyForDeploymentPostprocessing = 0;
		};
/* End PBXFrameworksBuildPhase section */

/* Begin PBXGroup section */
		3E9B2FBC2B27E42B00408803 /* Views */ = {
			isa = PBXGroup;
			children = (
				3E9B2FBE2B27E44700408803 /* Screens */,
				3E9B2FBD2B27E43B00408803 /* Subviews */,
			);
			path = Views;
			sourceTree = "<group>";
		};
		3E9B2FBD2B27E43B00408803 /* Subviews */ = {
			isa = PBXGroup;
			children = (
				3E9B2FD72B27E78300408803 /* ProfileHeaderView.swift */,
				3E9B2FD92B27E7B900408803 /* PostView.swift */,
				3E9B2FDB2B27E7D300408803 /* MessageView.swift */,
				3E9B2FDD2B27E7E800408803 /* LikeAnimationView.swift */,
				3E9B2FDF2B27E80100408803 /* ImagePicker.swift */,
				3E9B2FE12B27E81800408803 /* ImageGridView.swift */,
				3E9B2FE32B27E83C00408803 /* SignInWithAppleButtonCustom.swift */,
				3E9B2FE52B27E85500408803 /* SettingsRowView.swift */,
				3E9B2FE72B27E86C00408803 /* SettingsLabelView.swift */,
				3E9B2FE92B27E88100408803 /* CarouselView.swift */,
				3E9B2FEB2B27E8C300408803 /* adfsdafsdf.swift */,
			);
			path = Subviews;
			sourceTree = "<group>";
		};
		3E9B2FBE2B27E44700408803 /* Screens */ = {
			isa = PBXGroup;
			children = (
				3E9ED5692B27CAC5000CC7F9 /* DogGramApp.swift */,
				3E9ED56B2B27CAC5000CC7F9 /* ContentView.swift */,
				3E9B2FBF2B27E56A00408803 /* BrowseView.swift */,
				3E9B2FC12B27E5A900408803 /* OnboardingViewPart2.swift */,
				3E9B2FC32B27E5E500408803 /* SignUpView.swift */,
				3E9B2FC52B27E60A00408803 /* CommentsView.swift */,
				3E9B2FC72B27E62C00408803 /* PostImageView.swift */,
				3E9B2FC92B27E64D00408803 /* UploadView.swift */,
				3E9B2FCB2B27E66B00408803 /* ProfileView.swift */,
				3E9B2FCD2B27E68C00408803 /* SettingsEditImageView.swift */,
				3E9B2FCF2B27E6AF00408803 /* FeedView.swift */,
				3E9B2FD12B27E6CC00408803 /* SettingsEditTextView.swift */,
				3E9B2FD32B27E6E500408803 /* OnboardingView.swift */,
				3E9B2FD52B27E70400408803 /* SettingsView.swift */,
			);
			path = Screens;
			sourceTree = "<group>";
		};
		3E9B2FED2B27E8E800408803 /* Helpers */ = {
			isa = PBXGroup;
			children = (
				3E9B2FEE2B27E90800408803 /* Extensions.swift */,
			);
			path = Helpers;
			sourceTree = "<group>";
		};
		3E9B2FF02B27E93200408803 /* Model */ = {
			isa = PBXGroup;
			children = (
				3E9B2FF12B27E95400408803 /* PostModel.swift */,
				3E9B2FF32B27E96A00408803 /* PostArrayObject.swift */,
				3E9B2FF52B27E98000408803 /* CommentModel.swift */,
			);
			path = Model;
			sourceTree = "<group>";
		};
		3E9ED55D2B27CAC5000CC7F9 = {
			isa = PBXGroup;
			children = (
				3E9ED5682B27CAC5000CC7F9 /* DogGramApp */,
				3E9ED5672B27CAC5000CC7F9 /* Products */,
			);
			sourceTree = "<group>";
		};
		3E9ED5672B27CAC5000CC7F9 /* Products */ = {
			isa = PBXGroup;
			children = (
				3E9ED5662B27CAC5000CC7F9 /* DogGramApp.app */,
			);
			name = Products;
			sourceTree = "<group>";
		};
		3E9ED5682B27CAC5000CC7F9 /* DogGramApp */ = {
			isa = PBXGroup;
			children = (
				3E9B2FF02B27E93200408803 /* Model */,
				3E9B2FED2B27E8E800408803 /* Helpers */,
				3E9B2FBC2B27E42B00408803 /* Views */,
				3E9B2FB82B27E18600408803 /* Assets.xcassets */,
				3E9B2FBA2B27E22700408803 /* LaunchScreen.storyboard */,
				3E9B2FF72B2811A800408803 /* GoogleService-Info.plist */,
				3E9ED56F2B27CAC7000CC7F9 /* Preview Content */,
			);
			path = DogGramApp;
			sourceTree = "<group>";
		};
		3E9ED56F2B27CAC7000CC7F9 /* Preview Content */ = {
			isa = PBXGroup;
			children = (
				3E9ED5702B27CAC7000CC7F9 /* Preview Assets.xcassets */,
			);
			path = "Preview Content";
			sourceTree = "<group>";
		};
/* End PBXGroup section */

/* Begin PBXNativeTarget section */
		3E9ED5652B27CAC5000CC7F9 /* DogGramApp */ = {
			isa = PBXNativeTarget;
			buildConfigurationList = 3E9ED5742B27CAC7000CC7F9 /* Build configuration list for PBXNativeTarget "DogGramApp" */;
			buildPhases = (
				3E9ED5622B27CAC5000CC7F9 /* Sources */,
				3E9ED5632B27CAC5000CC7F9 /* Frameworks */,
				3E9ED5642B27CAC5000CC7F9 /* Resources */,
			);
			buildRules = (
			);
			dependencies = (
			);
			name = DogGramApp;
			packageProductDependencies = (
				3E9B2FFA2B2812FE00408803 /* FirebaseAnalytics */,
				3E9B2FFC2B2812FF00408803 /* FirebaseAnalyticsOnDeviceConversion */,
				3E9B2FFE2B2812FF00408803 /* FirebaseAnalyticsSwift */,
				3E9B30002B2812FF00408803 /* FirebaseAnalyticsWithoutAdIdSupport */,
				3E9B30022B2812FF00408803 /* FirebaseAppCheck */,
				3E9B5BB02B2820C700408803 /* FirebaseAnalytics */,
				3E9B5BB22B2820C700408803 /* FirebaseAnalyticsOnDeviceConversion */,
				3E9B5BB42B2820C700408803 /* FirebaseAnalyticsSwift */,
				3E9B5BB62B2820C700408803 /* FirebaseAnalyticsWithoutAdIdSupport */,
				3E9B5BB82B2820C700408803 /* FirebaseAppCheck */,
				3E9B5BBA2B2820C700408803 /* FirebaseAppDistribution-Beta */,
				3E9B5BBC2B2820C700408803 /* FirebaseAuth */,
				3E9B5BBE2B2820C700408803 /* FirebaseAuthCombine-Community */,
				3E9B5BC02B2820C700408803 /* FirebaseCrashlytics */,
				3E9B5BC22B2820C700408803 /* FirebaseDatabase */,
				3E9B5BC42B2820C700408803 /* FirebaseDatabaseSwift */,
				3E9B5BC62B2820C700408803 /* FirebaseDynamicLinks */,
				3E9B5BC82B2820C700408803 /* FirebaseFirestore */,
				3E9B5BCA2B2820C700408803 /* FirebaseFirestoreCombine-Community */,
				3E9B5BCC2B2820C700408803 /* FirebaseFirestoreSwift */,
				3E9B5BCE2B2820C700408803 /* FirebaseFunctions */,
				3E9B5BD02B2820C700408803 /* FirebaseFunctionsCombine-Community */,
				3E9B5BD22B2820C700408803 /* FirebaseInAppMessaging-Beta */,
				3E9B5BD42B2820C700408803 /* FirebaseInAppMessagingSwift-Beta */,
				3E9B5BD62B2820C700408803 /* FirebaseInstallations */,
				3E9B5BD82B2820C700408803 /* FirebaseMLModelDownloader */,
				3E9B5BDA2B2820C700408803 /* FirebaseMessaging */,
				3E9B5BDC2B2820C700408803 /* FirebasePerformance */,
				3E9B5BDE2B2820C700408803 /* FirebaseRemoteConfig */,
				3E9B5BE02B2820C700408803 /* FirebaseRemoteConfigSwift */,
				3E9B5BE22B2820C700408803 /* FirebaseStorage */,
				3E9B5BE42B2820C700408803 /* FirebaseStorageCombine-Community */,
				3E9B5BE62B28225000408803 /* FirebaseAnalytics */,
				3E9B5BE82B28225000408803 /* FirebaseAnalyticsOnDeviceConversion */,
				3E9B5BEA2B28225000408803 /* FirebaseAnalyticsSwift */,
				3E9B5BEC2B28225000408803 /* FirebaseAnalyticsWithoutAdIdSupport */,
				3E9B5BEE2B28225000408803 /* FirebaseAppCheck */,
				3E9B5BF02B28225000408803 /* FirebaseAppDistribution-Beta */,
				3E9B5BF22B28225000408803 /* FirebaseAuth */,
				3E9B5BF42B28225000408803 /* FirebaseAuthCombine-Community */,
				3E9B5BF62B28225000408803 /* FirebaseCrashlytics */,
				3E9B5BF82B28225000408803 /* FirebaseDatabase */,
				3E9B5BFA2B28225000408803 /* FirebaseDatabaseSwift */,
				3E9B5BFC2B28225000408803 /* FirebaseDynamicLinks */,
				3E9B5BFE2B28225000408803 /* FirebaseFirestore */,
				3E9B5C002B28225000408803 /* FirebaseFirestoreCombine-Community */,
				3E9B5C022B28225000408803 /* FirebaseFirestoreSwift */,
				3E9B5C042B28225000408803 /* FirebaseFunctions */,
				3E9B5C062B28225000408803 /* FirebaseFunctionsCombine-Community */,
				3E9B5C082B28225000408803 /* FirebaseInAppMessaging-Beta */,
				3E9B5C0A2B28225000408803 /* FirebaseInAppMessagingSwift-Beta */,
				3E9B5C0C2B28225000408803 /* FirebaseInstallations */,
				3E9B5C0E2B28225000408803 /* FirebaseMLModelDownloader */,
				3E9B5C102B28225000408803 /* FirebaseMessaging */,
				3E9B5C122B28225000408803 /* FirebasePerformance */,
				3E9B5C142B28225000408803 /* FirebaseRemoteConfig */,
				3E9B5C162B28225000408803 /* FirebaseRemoteConfigSwift */,
				3E9B5C182B28225000408803 /* FirebaseStorage */,
				3E9B5C1A2B28225000408803 /* FirebaseStorageCombine-Community */,
			);
			productName = DogGramApp;
			productReference = 3E9ED5662B27CAC5000CC7F9 /* DogGramApp.app */;
			productType = "com.apple.product-type.application";
		};
/* End PBXNativeTarget section */

/* Begin PBXProject section */
		3E9ED55E2B27CAC5000CC7F9 /* Project object */ = {
			isa = PBXProject;
			attributes = {
				BuildIndependentTargetsInParallel = 1;
				LastSwiftUpdateCheck = 1500;
				LastUpgradeCheck = 1500;
				TargetAttributes = {
					3E9ED5652B27CAC5000CC7F9 = {
						CreatedOnToolsVersion = 15.0.1;
					};
				};
			};
			buildConfigurationList = 3E9ED5612B27CAC5000CC7F9 /* Build configuration list for PBXProject "DogGramApp" */;
			compatibilityVersion = "Xcode 14.0";
			developmentRegion = en;
			hasScannedForEncodings = 0;
			knownRegions = (
				en,
				Base,
			);
			mainGroup = 3E9ED55D2B27CAC5000CC7F9;
			packageReferences = (
				3E9B2FF92B2812FE00408803 /* XCRemoteSwiftPackageReference "firebase-ios-sdk" */,
			);
			productRefGroup = 3E9ED5672B27CAC5000CC7F9 /* Products */;
			projectDirPath = "";
			projectRoot = "";
			targets = (
				3E9ED5652B27CAC5000CC7F9 /* DogGramApp */,
			);
		};
/* End PBXProject section */

/* Begin PBXResourcesBuildPhase section */
		3E9ED5642B27CAC5000CC7F9 /* Resources */ = {
			isa = PBXResourcesBuildPhase;
			buildActionMask = 2147483647;
			files = (
				3E9B2FBB2B27E22800408803 /* LaunchScreen.storyboard in Resources */,
				3E9B2FF82B2811A800408803 /* GoogleService-Info.plist in Resources */,
				3E9B2FB92B27E18600408803 /* Assets.xcassets in Resources */,
				3E9ED5712B27CAC7000CC7F9 /* Preview Assets.xcassets in Resources */,
			);
			runOnlyForDeploymentPostprocessing = 0;
		};
/* End PBXResourcesBuildPhase section */

/* Begin PBXSourcesBuildPhase section */
		3E9ED5622B27CAC5000CC7F9 /* Sources */ = {
			isa = PBXSourcesBuildPhase;
			buildActionMask = 2147483647;
			files = (
				3E9B2FD22B27E6CC00408803 /* SettingsEditTextView.swift in Sources */,
				3E9ED56C2B27CAC5000CC7F9 /* ContentView.swift in Sources */,
				3E9B2FCC2B27E66B00408803 /* ProfileView.swift in Sources */,
				3E9B2FC42B27E5E500408803 /* SignUpView.swift in Sources */,
				3E9B2FF42B27E96A00408803 /* PostArrayObject.swift in Sources */,
				3E9B2FF62B27E98000408803 /* CommentModel.swift in Sources */,
				3E9B2FC82B27E62C00408803 /* PostImageView.swift in Sources */,
				3E9B2FE82B27E86C00408803 /* SettingsLabelView.swift in Sources */,
				3E9B2FDC2B27E7D300408803 /* MessageView.swift in Sources */,
				3E9B2FDE2B27E7E800408803 /* LikeAnimationView.swift in Sources */,
				3E9B2FE02B27E80100408803 /* ImagePicker.swift in Sources */,
				3E9B2FCA2B27E64D00408803 /* UploadView.swift in Sources */,
				3E9B2FC62B27E60A00408803 /* CommentsView.swift in Sources */,
				3E9B2FE22B27E81800408803 /* ImageGridView.swift in Sources */,
				3E9B2FD82B27E78300408803 /* ProfileHeaderView.swift in Sources */,
				3E9B2FEC2B27E8C300408803 /* adfsdafsdf.swift in Sources */,
				3E9B2FD62B27E70400408803 /* SettingsView.swift in Sources */,
				3E9B2FD02B27E6AF00408803 /* FeedView.swift in Sources */,
				3E9B2FDA2B27E7B900408803 /* PostView.swift in Sources */,
				3E9B2FE42B27E83C00408803 /* SignInWithAppleButtonCustom.swift in Sources */,
				3E9B2FC02B27E56A00408803 /* BrowseView.swift in Sources */,
				3E9B2FF22B27E95400408803 /* PostModel.swift in Sources */,
				3E9B2FCE2B27E68C00408803 /* SettingsEditImageView.swift in Sources */,
				3E9B2FE62B27E85500408803 /* SettingsRowView.swift in Sources */,
				3E9B2FEF2B27E90800408803 /* Extensions.swift in Sources */,
				3E9ED56A2B27CAC5000CC7F9 /* DogGramApp.swift in Sources */,
				3E9B2FD42B27E6E500408803 /* OnboardingView.swift in Sources */,
				3E9B2FEA2B27E88100408803 /* CarouselView.swift in Sources */,
				3E9B2FC22B27E5A900408803 /* OnboardingViewPart2.swift in Sources */,
			);
			runOnlyForDeploymentPostprocessing = 0;
		};
/* End PBXSourcesBuildPhase section */

/* Begin XCBuildConfiguration section */
		3E9ED5722B27CAC7000CC7F9 /* Debug */ = {
			isa = XCBuildConfiguration;
			buildSettings = {
				ALWAYS_SEARCH_USER_PATHS = NO;
				ASSETCATALOG_COMPILER_GENERATE_SWIFT_ASSET_SYMBOL_EXTENSIONS = YES;
				CLANG_ANALYZER_NONNULL = YES;
				CLANG_ANALYZER_NUMBER_OBJECT_CONVERSION = YES_AGGRESSIVE;
				CLANG_CXX_LANGUAGE_STANDARD = "gnu++20";
				CLANG_ENABLE_MODULES = YES;
				CLANG_ENABLE_OBJC_ARC = YES;
				CLANG_ENABLE_OBJC_WEAK = YES;
				CLANG_WARN_BLOCK_CAPTURE_AUTORELEASING = YES;
				CLANG_WARN_BOOL_CONVERSION = YES;
				CLANG_WARN_COMMA = YES;
				CLANG_WARN_CONSTANT_CONVERSION = YES;
				CLANG_WARN_DEPRECATED_OBJC_IMPLEMENTATIONS = YES;
				CLANG_WARN_DIRECT_OBJC_ISA_USAGE = YES_ERROR;
				CLANG_WARN_DOCUMENTATION_COMMENTS = YES;
				CLANG_WARN_EMPTY_BODY = YES;
				CLANG_WARN_ENUM_CONVERSION = YES;
				CLANG_WARN_INFINITE_RECURSION = YES;
				CLANG_WARN_INT_CONVERSION = YES;
				CLANG_WARN_NON_LITERAL_NULL_CONVERSION = YES;
				CLANG_WARN_OBJC_IMPLICIT_RETAIN_SELF = YES;
				CLANG_WARN_OBJC_LITERAL_CONVERSION = YES;
				CLANG_WARN_OBJC_ROOT_CLASS = YES_ERROR;
				CLANG_WARN_QUOTED_INCLUDE_IN_FRAMEWORK_HEADER = YES;
				CLANG_WARN_RANGE_LOOP_ANALYSIS = YES;
				CLANG_WARN_STRICT_PROTOTYPES = YES;
				CLANG_WARN_SUSPICIOUS_MOVE = YES;
				CLANG_WARN_UNGUARDED_AVAILABILITY = YES_AGGRESSIVE;
				CLANG_WARN_UNREACHABLE_CODE = YES;
				CLANG_WARN__DUPLICATE_METHOD_MATCH = YES;
				COPY_PHASE_STRIP = NO;
				DEBUG_INFORMATION_FORMAT = dwarf;
				ENABLE_STRICT_OBJC_MSGSEND = YES;
				ENABLE_TESTABILITY = YES;
				ENABLE_USER_SCRIPT_SANDBOXING = YES;
				GCC_C_LANGUAGE_STANDARD = gnu17;
				GCC_DYNAMIC_NO_PIC = NO;
				GCC_NO_COMMON_BLOCKS = YES;
				GCC_OPTIMIZATION_LEVEL = 0;
				GCC_PREPROCESSOR_DEFINITIONS = (
					"DEBUG=1",
					"$(inherited)",
				);
				GCC_WARN_64_TO_32_BIT_CONVERSION = YES;
				GCC_WARN_ABOUT_RETURN_TYPE = YES_ERROR;
				GCC_WARN_UNDECLARED_SELECTOR = YES;
				GCC_WARN_UNINITIALIZED_AUTOS = YES_AGGRESSIVE;
				GCC_WARN_UNUSED_FUNCTION = YES;
				GCC_WARN_UNUSED_VARIABLE = YES;
				IPHONEOS_DEPLOYMENT_TARGET = 17.0;
				LOCALIZATION_PREFERS_STRING_CATALOGS = YES;
				MTL_ENABLE_DEBUG_INFO = INCLUDE_SOURCE;
				MTL_FAST_MATH = YES;
				ONLY_ACTIVE_ARCH = YES;
				SDKROOT = iphoneos;
				SWIFT_ACTIVE_COMPILATION_CONDITIONS = "DEBUG $(inherited)";
				SWIFT_OPTIMIZATION_LEVEL = "-Onone";
			};
			name = Debug;
		};
		3E9ED5732B27CAC7000CC7F9 /* Release */ = {
			isa = XCBuildConfiguration;
			buildSettings = {
				ALWAYS_SEARCH_USER_PATHS = NO;
				ASSETCATALOG_COMPILER_GENERATE_SWIFT_ASSET_SYMBOL_EXTENSIONS = YES;
				CLANG_ANALYZER_NONNULL = YES;
				CLANG_ANALYZER_NUMBER_OBJECT_CONVERSION = YES_AGGRESSIVE;
				CLANG_CXX_LANGUAGE_STANDARD = "gnu++20";
				CLANG_ENABLE_MODULES = YES;
				CLANG_ENABLE_OBJC_ARC = YES;
				CLANG_ENABLE_OBJC_WEAK = YES;
				CLANG_WARN_BLOCK_CAPTURE_AUTORELEASING = YES;
				CLANG_WARN_BOOL_CONVERSION = YES;
				CLANG_WARN_COMMA = YES;
				CLANG_WARN_CONSTANT_CONVERSION = YES;
				CLANG_WARN_DEPRECATED_OBJC_IMPLEMENTATIONS = YES;
				CLANG_WARN_DIRECT_OBJC_ISA_USAGE = YES_ERROR;
				CLANG_WARN_DOCUMENTATION_COMMENTS = YES;
				CLANG_WARN_EMPTY_BODY = YES;
				CLANG_WARN_ENUM_CONVERSION = YES;
				CLANG_WARN_INFINITE_RECURSION = YES;
				CLANG_WARN_INT_CONVERSION = YES;
				CLANG_WARN_NON_LITERAL_NULL_CONVERSION = YES;
				CLANG_WARN_OBJC_IMPLICIT_RETAIN_SELF = YES;
				CLANG_WARN_OBJC_LITERAL_CONVERSION = YES;
				CLANG_WARN_OBJC_ROOT_CLASS = YES_ERROR;
				CLANG_WARN_QUOTED_INCLUDE_IN_FRAMEWORK_HEADER = YES;
				CLANG_WARN_RANGE_LOOP_ANALYSIS = YES;
				CLANG_WARN_STRICT_PROTOTYPES = YES;
				CLANG_WARN_SUSPICIOUS_MOVE = YES;
				CLANG_WARN_UNGUARDED_AVAILABILITY = YES_AGGRESSIVE;
				CLANG_WARN_UNREACHABLE_CODE = YES;
				CLANG_WARN__DUPLICATE_METHOD_MATCH = YES;
				COPY_PHASE_STRIP = NO;
				DEBUG_INFORMATION_FORMAT = "dwarf-with-dsym";
				ENABLE_NS_ASSERTIONS = NO;
				ENABLE_STRICT_OBJC_MSGSEND = YES;
				ENABLE_USER_SCRIPT_SANDBOXING = YES;
				GCC_C_LANGUAGE_STANDARD = gnu17;
				GCC_NO_COMMON_BLOCKS = YES;
				GCC_WARN_64_TO_32_BIT_CONVERSION = YES;
				GCC_WARN_ABOUT_RETURN_TYPE = YES_ERROR;
				GCC_WARN_UNDECLARED_SELECTOR = YES;
				GCC_WARN_UNINITIALIZED_AUTOS = YES_AGGRESSIVE;
				GCC_WARN_UNUSED_FUNCTION = YES;
				GCC_WARN_UNUSED_VARIABLE = YES;
				IPHONEOS_DEPLOYMENT_TARGET = 17.0;
				LOCALIZATION_PREFERS_STRING_CATALOGS = YES;
				MTL_ENABLE_DEBUG_INFO = NO;
				MTL_FAST_MATH = YES;
				SDKROOT = iphoneos;
				SWIFT_COMPILATION_MODE = wholemodule;
				VALIDATE_PRODUCT = YES;
			};
			name = Release;
		};
		3E9ED5752B27CAC7000CC7F9 /* Debug */ = {
			isa = XCBuildConfiguration;
			buildSettings = {
				ASSETCATALOG_COMPILER_APPICON_NAME = AppIcon;
				ASSETCATALOG_COMPILER_GLOBAL_ACCENT_COLOR_NAME = AccentColor;
				CODE_SIGN_STYLE = Automatic;
				CURRENT_PROJECT_VERSION = 1;
				DEVELOPMENT_ASSET_PATHS = "\"DogGramApp/Preview Content\"";
				DEVELOPMENT_TEAM = 5SVQ52XHU7;
				ENABLE_PREVIEWS = YES;
				FRAMEWORK_SEARCH_PATHS = (
					"$(inherited)",
					"$(PROJECT_DIR)/Pods/FirebaseAnalytics/Frameworks",
					"$(PROJECT_DIR)/Pods/GoogleSignIn/Frameworks",
					"$(PROJECT_DIR)/Pods/GoogleAppMeasurement/Frameworks",
				);
				GENERATE_INFOPLIST_FILE = YES;
				INFOPLIST_KEY_UIApplicationSceneManifest_Generation = YES;
				INFOPLIST_KEY_UIApplicationSupportsIndirectInputEvents = YES;
				INFOPLIST_KEY_UILaunchScreen_Generation = YES;
				INFOPLIST_KEY_UILaunchStoryboardName = LaunchScreen.storyboard;
				INFOPLIST_KEY_UISupportedInterfaceOrientations = UIInterfaceOrientationPortrait;
				INFOPLIST_KEY_UISupportedInterfaceOrientations_iPad = "UIInterfaceOrientationLandscapeLeft UIInterfaceOrientationLandscapeRight UIInterfaceOrientationPortrait UIInterfaceOrientationPortraitUpsideDown";
				IPHONEOS_DEPLOYMENT_TARGET = 14.0;
				LD_RUNPATH_SEARCH_PATHS = (
					"$(inherited)",
					"@executable_path/Frameworks",
				);
				MARKETING_VERSION = 1.0;
				PRODUCT_BUNDLE_IDENTIFIER = com.DogApplication.DogGramApp;
				PRODUCT_NAME = "$(TARGET_NAME)";
				SUPPORTED_PLATFORMS = "iphoneos iphonesimulator";
				SUPPORTS_MACCATALYST = NO;
				SUPPORTS_MAC_DESIGNED_FOR_IPHONE_IPAD = NO;
				SWIFT_EMIT_LOC_STRINGS = YES;
				SWIFT_VERSION = 5.0;
				TARGETED_DEVICE_FAMILY = 1;
			};
			name = Debug;
		};
		3E9ED5762B27CAC7000CC7F9 /* Release */ = {
			isa = XCBuildConfiguration;
			buildSettings = {
				ASSETCATALOG_COMPILER_APPICON_NAME = AppIcon;
				ASSETCATALOG_COMPILER_GLOBAL_ACCENT_COLOR_NAME = AccentColor;
				CODE_SIGN_STYLE = Automatic;
				CURRENT_PROJECT_VERSION = 1;
				DEVELOPMENT_ASSET_PATHS = "\"DogGramApp/Preview Content\"";
				DEVELOPMENT_TEAM = 5SVQ52XHU7;
				ENABLE_PREVIEWS = YES;
				FRAMEWORK_SEARCH_PATHS = (
					"$(inherited)",
					"$(PROJECT_DIR)/Pods/FirebaseAnalytics/Frameworks",
					"$(PROJECT_DIR)/Pods/GoogleSignIn/Frameworks",
					"$(PROJECT_DIR)/Pods/GoogleAppMeasurement/Frameworks",
				);
				GENERATE_INFOPLIST_FILE = YES;
				INFOPLIST_KEY_UIApplicationSceneManifest_Generation = YES;
				INFOPLIST_KEY_UIApplicationSupportsIndirectInputEvents = YES;
				INFOPLIST_KEY_UILaunchScreen_Generation = YES;
				INFOPLIST_KEY_UILaunchStoryboardName = LaunchScreen.storyboard;
				INFOPLIST_KEY_UISupportedInterfaceOrientations = UIInterfaceOrientationPortrait;
				INFOPLIST_KEY_UISupportedInterfaceOrientations_iPad = "UIInterfaceOrientationLandscapeLeft UIInterfaceOrientationLandscapeRight UIInterfaceOrientationPortrait UIInterfaceOrientationPortraitUpsideDown";
				IPHONEOS_DEPLOYMENT_TARGET = 14.0;
				LD_RUNPATH_SEARCH_PATHS = (
					"$(inherited)",
					"@executable_path/Frameworks",
				);
				MARKETING_VERSION = 1.0;
				PRODUCT_BUNDLE_IDENTIFIER = com.DogApplication.DogGramApp;
				PRODUCT_NAME = "$(TARGET_NAME)";
				SUPPORTED_PLATFORMS = "iphoneos iphonesimulator";
				SUPPORTS_MACCATALYST = NO;
				SUPPORTS_MAC_DESIGNED_FOR_IPHONE_IPAD = NO;
				SWIFT_EMIT_LOC_STRINGS = YES;
				SWIFT_VERSION = 5.0;
				TARGETED_DEVICE_FAMILY = 1;
			};
			name = Release;
		};
/* End XCBuildConfiguration section */

/* Begin XCConfigurationList section */
		3E9ED5612B27CAC5000CC7F9 /* Build configuration list for PBXProject "DogGramApp" */ = {
			isa = XCConfigurationList;
			buildConfigurations = (
				3E9ED5722B27CAC7000CC7F9 /* Debug */,
				3E9ED5732B27CAC7000CC7F9 /* Release */,
			);
			defaultConfigurationIsVisible = 0;
			defaultConfigurationName = Release;
		};
		3E9ED5742B27CAC7000CC7F9 /* Build configuration list for PBXNativeTarget "DogGramApp" */ = {
			isa = XCConfigurationList;
			buildConfigurations = (
				3E9ED5752B27CAC7000CC7F9 /* Debug */,
				3E9ED5762B27CAC7000CC7F9 /* Release */,
			);
			defaultConfigurationIsVisible = 0;
			defaultConfigurationName = Release;
		};
/* End XCConfigurationList section */

/* Begin XCRemoteSwiftPackageReference section */
		3E9B2FF92B2812FE00408803 /* XCRemoteSwiftPackageReference "firebase-ios-sdk" */ = {
			isa = XCRemoteSwiftPackageReference;
			repositoryURL = "https://github.com/firebase/firebase-ios-sdk";
			requirement = {
				kind = upToNextMajorVersion;
				minimumVersion = 10.19.0;
			};
		};
/* End XCRemoteSwiftPackageReference section */

/* Begin XCSwiftPackageProductDependency section */
		3E9B2FFA2B2812FE00408803 /* FirebaseAnalytics */ = {
			isa = XCSwiftPackageProductDependency;
			package = 3E9B2FF92B2812FE00408803 /* XCRemoteSwiftPackageReference "firebase-ios-sdk" */;
			productName = FirebaseAnalytics;
		};
		3E9B2FFC2B2812FF00408803 /* FirebaseAnalyticsOnDeviceConversion */ = {
			isa = XCSwiftPackageProductDependency;
			package = 3E9B2FF92B2812FE00408803 /* XCRemoteSwiftPackageReference "firebase-ios-sdk" */;
			productName = FirebaseAnalyticsOnDeviceConversion;
		};
		3E9B2FFE2B2812FF00408803 /* FirebaseAnalyticsSwift */ = {
			isa = XCSwiftPackageProductDependency;
			package = 3E9B2FF92B2812FE00408803 /* XCRemoteSwiftPackageReference "firebase-ios-sdk" */;
			productName = FirebaseAnalyticsSwift;
		};
		3E9B30002B2812FF00408803 /* FirebaseAnalyticsWithoutAdIdSupport */ = {
			isa = XCSwiftPackageProductDependency;
			package = 3E9B2FF92B2812FE00408803 /* XCRemoteSwiftPackageReference "firebase-ios-sdk" */;
			productName = FirebaseAnalyticsWithoutAdIdSupport;
		};
		3E9B30022B2812FF00408803 /* FirebaseAppCheck */ = {
			isa = XCSwiftPackageProductDependency;
			package = 3E9B2FF92B2812FE00408803 /* XCRemoteSwiftPackageReference "firebase-ios-sdk" */;
			productName = FirebaseAppCheck;
		};
		3E9B5BB02B2820C700408803 /* FirebaseAnalytics */ = {
			isa = XCSwiftPackageProductDependency;
			package = 3E9B2FF92B2812FE00408803 /* XCRemoteSwiftPackageReference "firebase-ios-sdk" */;
			productName = FirebaseAnalytics;
		};
		3E9B5BB22B2820C700408803 /* FirebaseAnalyticsOnDeviceConversion */ = {
			isa = XCSwiftPackageProductDependency;
			package = 3E9B2FF92B2812FE00408803 /* XCRemoteSwiftPackageReference "firebase-ios-sdk" */;
			productName = FirebaseAnalyticsOnDeviceConversion;
		};
		3E9B5BB42B2820C700408803 /* FirebaseAnalyticsSwift */ = {
			isa = XCSwiftPackageProductDependency;
			package = 3E9B2FF92B2812FE00408803 /* XCRemoteSwiftPackageReference "firebase-ios-sdk" */;
			productName = FirebaseAnalyticsSwift;
		};
		3E9B5BB62B2820C700408803 /* FirebaseAnalyticsWithoutAdIdSupport */ = {
			isa = XCSwiftPackageProductDependency;
			package = 3E9B2FF92B2812FE00408803 /* XCRemoteSwiftPackageReference "firebase-ios-sdk" */;
			productName = FirebaseAnalyticsWithoutAdIdSupport;
		};
		3E9B5BB82B2820C700408803 /* FirebaseAppCheck */ = {
			isa = XCSwiftPackageProductDependency;
			package = 3E9B2FF92B2812FE00408803 /* XCRemoteSwiftPackageReference "firebase-ios-sdk" */;
			productName = FirebaseAppCheck;
		};
		3E9B5BBA2B2820C700408803 /* FirebaseAppDistribution-Beta */ = {
			isa = XCSwiftPackageProductDependency;
			package = 3E9B2FF92B2812FE00408803 /* XCRemoteSwiftPackageReference "firebase-ios-sdk" */;
			productName = "FirebaseAppDistribution-Beta";
		};
		3E9B5BBC2B2820C700408803 /* FirebaseAuth */ = {
			isa = XCSwiftPackageProductDependency;
			package = 3E9B2FF92B2812FE00408803 /* XCRemoteSwiftPackageReference "firebase-ios-sdk" */;
			productName = FirebaseAuth;
		};
		3E9B5BBE2B2820C700408803 /* FirebaseAuthCombine-Community */ = {
			isa = XCSwiftPackageProductDependency;
			package = 3E9B2FF92B2812FE00408803 /* XCRemoteSwiftPackageReference "firebase-ios-sdk" */;
			productName = "FirebaseAuthCombine-Community";
		};
		3E9B5BC02B2820C700408803 /* FirebaseCrashlytics */ = {
			isa = XCSwiftPackageProductDependency;
			package = 3E9B2FF92B2812FE00408803 /* XCRemoteSwiftPackageReference "firebase-ios-sdk" */;
			productName = FirebaseCrashlytics;
		};
		3E9B5BC22B2820C700408803 /* FirebaseDatabase */ = {
			isa = XCSwiftPackageProductDependency;
			package = 3E9B2FF92B2812FE00408803 /* XCRemoteSwiftPackageReference "firebase-ios-sdk" */;
			productName = FirebaseDatabase;
		};
		3E9B5BC42B2820C700408803 /* FirebaseDatabaseSwift */ = {
			isa = XCSwiftPackageProductDependency;
			package = 3E9B2FF92B2812FE00408803 /* XCRemoteSwiftPackageReference "firebase-ios-sdk" */;
			productName = FirebaseDatabaseSwift;
		};
		3E9B5BC62B2820C700408803 /* FirebaseDynamicLinks */ = {
			isa = XCSwiftPackageProductDependency;
			package = 3E9B2FF92B2812FE00408803 /* XCRemoteSwiftPackageReference "firebase-ios-sdk" */;
			productName = FirebaseDynamicLinks;
		};
		3E9B5BC82B2820C700408803 /* FirebaseFirestore */ = {
			isa = XCSwiftPackageProductDependency;
			package = 3E9B2FF92B2812FE00408803 /* XCRemoteSwiftPackageReference "firebase-ios-sdk" */;
			productName = FirebaseFirestore;
		};
		3E9B5BCA2B2820C700408803 /* FirebaseFirestoreCombine-Community */ = {
			isa = XCSwiftPackageProductDependency;
			package = 3E9B2FF92B2812FE00408803 /* XCRemoteSwiftPackageReference "firebase-ios-sdk" */;
			productName = "FirebaseFirestoreCombine-Community";
		};
		3E9B5BCC2B2820C700408803 /* FirebaseFirestoreSwift */ = {
			isa = XCSwiftPackageProductDependency;
			package = 3E9B2FF92B2812FE00408803 /* XCRemoteSwiftPackageReference "firebase-ios-sdk" */;
			productName = FirebaseFirestoreSwift;
		};
		3E9B5BCE2B2820C700408803 /* FirebaseFunctions */ = {
			isa = XCSwiftPackageProductDependency;
			package = 3E9B2FF92B2812FE00408803 /* XCRemoteSwiftPackageReference "firebase-ios-sdk" */;
			productName = FirebaseFunctions;
		};
		3E9B5BD02B2820C700408803 /* FirebaseFunctionsCombine-Community */ = {
			isa = XCSwiftPackageProductDependency;
			package = 3E9B2FF92B2812FE00408803 /* XCRemoteSwiftPackageReference "firebase-ios-sdk" */;
			productName = "FirebaseFunctionsCombine-Community";
		};
		3E9B5BD22B2820C700408803 /* FirebaseInAppMessaging-Beta */ = {
			isa = XCSwiftPackageProductDependency;
			package = 3E9B2FF92B2812FE00408803 /* XCRemoteSwiftPackageReference "firebase-ios-sdk" */;
			productName = "FirebaseInAppMessaging-Beta";
		};
		3E9B5BD42B2820C700408803 /* FirebaseInAppMessagingSwift-Beta */ = {
			isa = XCSwiftPackageProductDependency;
			package = 3E9B2FF92B2812FE00408803 /* XCRemoteSwiftPackageReference "firebase-ios-sdk" */;
			productName = "FirebaseInAppMessagingSwift-Beta";
		};
		3E9B5BD62B2820C700408803 /* FirebaseInstallations */ = {
			isa = XCSwiftPackageProductDependency;
			package = 3E9B2FF92B2812FE00408803 /* XCRemoteSwiftPackageReference "firebase-ios-sdk" */;
			productName = FirebaseInstallations;
		};
		3E9B5BD82B2820C700408803 /* FirebaseMLModelDownloader */ = {
			isa = XCSwiftPackageProductDependency;
			package = 3E9B2FF92B2812FE00408803 /* XCRemoteSwiftPackageReference "firebase-ios-sdk" */;
			productName = FirebaseMLModelDownloader;
		};
		3E9B5BDA2B2820C700408803 /* FirebaseMessaging */ = {
			isa = XCSwiftPackageProductDependency;
			package = 3E9B2FF92B2812FE00408803 /* XCRemoteSwiftPackageReference "firebase-ios-sdk" */;
			productName = FirebaseMessaging;
		};
		3E9B5BDC2B2820C700408803 /* FirebasePerformance */ = {
			isa = XCSwiftPackageProductDependency;
			package = 3E9B2FF92B2812FE00408803 /* XCRemoteSwiftPackageReference "firebase-ios-sdk" */;
			productName = FirebasePerformance;
		};
		3E9B5BDE2B2820C700408803 /* FirebaseRemoteConfig */ = {
			isa = XCSwiftPackageProductDependency;
			package = 3E9B2FF92B2812FE00408803 /* XCRemoteSwiftPackageReference "firebase-ios-sdk" */;
			productName = FirebaseRemoteConfig;
		};
		3E9B5BE02B2820C700408803 /* FirebaseRemoteConfigSwift */ = {
			isa = XCSwiftPackageProductDependency;
			package = 3E9B2FF92B2812FE00408803 /* XCRemoteSwiftPackageReference "firebase-ios-sdk" */;
			productName = FirebaseRemoteConfigSwift;
		};
		3E9B5BE22B2820C700408803 /* FirebaseStorage */ = {
			isa = XCSwiftPackageProductDependency;
			package = 3E9B2FF92B2812FE00408803 /* XCRemoteSwiftPackageReference "firebase-ios-sdk" */;
			productName = FirebaseStorage;
		};
		3E9B5BE42B2820C700408803 /* FirebaseStorageCombine-Community */ = {
			isa = XCSwiftPackageProductDependency;
			package = 3E9B2FF92B2812FE00408803 /* XCRemoteSwiftPackageReference "firebase-ios-sdk" */;
			productName = "FirebaseStorageCombine-Community";
		};
		3E9B5BE62B28225000408803 /* FirebaseAnalytics */ = {
			isa = XCSwiftPackageProductDependency;
			package = 3E9B2FF92B2812FE00408803 /* XCRemoteSwiftPackageReference "firebase-ios-sdk" */;
			productName = FirebaseAnalytics;
		};
		3E9B5BE82B28225000408803 /* FirebaseAnalyticsOnDeviceConversion */ = {
			isa = XCSwiftPackageProductDependency;
			package = 3E9B2FF92B2812FE00408803 /* XCRemoteSwiftPackageReference "firebase-ios-sdk" */;
			productName = FirebaseAnalyticsOnDeviceConversion;
		};
		3E9B5BEA2B28225000408803 /* FirebaseAnalyticsSwift */ = {
			isa = XCSwiftPackageProductDependency;
			package = 3E9B2FF92B2812FE00408803 /* XCRemoteSwiftPackageReference "firebase-ios-sdk" */;
			productName = FirebaseAnalyticsSwift;
		};
		3E9B5BEC2B28225000408803 /* FirebaseAnalyticsWithoutAdIdSupport */ = {
			isa = XCSwiftPackageProductDependency;
			package = 3E9B2FF92B2812FE00408803 /* XCRemoteSwiftPackageReference "firebase-ios-sdk" */;
			productName = FirebaseAnalyticsWithoutAdIdSupport;
		};
		3E9B5BEE2B28225000408803 /* FirebaseAppCheck */ = {
			isa = XCSwiftPackageProductDependency;
			package = 3E9B2FF92B2812FE00408803 /* XCRemoteSwiftPackageReference "firebase-ios-sdk" */;
			productName = FirebaseAppCheck;
		};
		3E9B5BF02B28225000408803 /* FirebaseAppDistribution-Beta */ = {
			isa = XCSwiftPackageProductDependency;
			package = 3E9B2FF92B2812FE00408803 /* XCRemoteSwiftPackageReference "firebase-ios-sdk" */;
			productName = "FirebaseAppDistribution-Beta";
		};
		3E9B5BF22B28225000408803 /* FirebaseAuth */ = {
			isa = XCSwiftPackageProductDependency;
			package = 3E9B2FF92B2812FE00408803 /* XCRemoteSwiftPackageReference "firebase-ios-sdk" */;
			productName = FirebaseAuth;
		};
		3E9B5BF42B28225000408803 /* FirebaseAuthCombine-Community */ = {
			isa = XCSwiftPackageProductDependency;
			package = 3E9B2FF92B2812FE00408803 /* XCRemoteSwiftPackageReference "firebase-ios-sdk" */;
			productName = "FirebaseAuthCombine-Community";
		};
		3E9B5BF62B28225000408803 /* FirebaseCrashlytics */ = {
			isa = XCSwiftPackageProductDependency;
			package = 3E9B2FF92B2812FE00408803 /* XCRemoteSwiftPackageReference "firebase-ios-sdk" */;
			productName = FirebaseCrashlytics;
		};
		3E9B5BF82B28225000408803 /* FirebaseDatabase */ = {
			isa = XCSwiftPackageProductDependency;
			package = 3E9B2FF92B2812FE00408803 /* XCRemoteSwiftPackageReference "firebase-ios-sdk" */;
			productName = FirebaseDatabase;
		};
		3E9B5BFA2B28225000408803 /* FirebaseDatabaseSwift */ = {
			isa = XCSwiftPackageProductDependency;
			package = 3E9B2FF92B2812FE00408803 /* XCRemoteSwiftPackageReference "firebase-ios-sdk" */;
			productName = FirebaseDatabaseSwift;
		};
		3E9B5BFC2B28225000408803 /* FirebaseDynamicLinks */ = {
			isa = XCSwiftPackageProductDependency;
			package = 3E9B2FF92B2812FE00408803 /* XCRemoteSwiftPackageReference "firebase-ios-sdk" */;
			productName = FirebaseDynamicLinks;
		};
		3E9B5BFE2B28225000408803 /* FirebaseFirestore */ = {
			isa = XCSwiftPackageProductDependency;
			package = 3E9B2FF92B2812FE00408803 /* XCRemoteSwiftPackageReference "firebase-ios-sdk" */;
			productName = FirebaseFirestore;
		};
		3E9B5C002B28225000408803 /* FirebaseFirestoreCombine-Community */ = {
			isa = XCSwiftPackageProductDependency;
			package = 3E9B2FF92B2812FE00408803 /* XCRemoteSwiftPackageReference "firebase-ios-sdk" */;
			productName = "FirebaseFirestoreCombine-Community";
		};
		3E9B5C022B28225000408803 /* FirebaseFirestoreSwift */ = {
			isa = XCSwiftPackageProductDependency;
			package = 3E9B2FF92B2812FE00408803 /* XCRemoteSwiftPackageReference "firebase-ios-sdk" */;
			productName = FirebaseFirestoreSwift;
		};
		3E9B5C042B28225000408803 /* FirebaseFunctions */ = {
			isa = XCSwiftPackageProductDependency;
			package = 3E9B2FF92B2812FE00408803 /* XCRemoteSwiftPackageReference "firebase-ios-sdk" */;
			productName = FirebaseFunctions;
		};
		3E9B5C062B28225000408803 /* FirebaseFunctionsCombine-Community */ = {
			isa = XCSwiftPackageProductDependency;
			package = 3E9B2FF92B2812FE00408803 /* XCRemoteSwiftPackageReference "firebase-ios-sdk" */;
			productName = "FirebaseFunctionsCombine-Community";
		};
		3E9B5C082B28225000408803 /* FirebaseInAppMessaging-Beta */ = {
			isa = XCSwiftPackageProductDependency;
			package = 3E9B2FF92B2812FE00408803 /* XCRemoteSwiftPackageReference "firebase-ios-sdk" */;
			productName = "FirebaseInAppMessaging-Beta";
		};
		3E9B5C0A2B28225000408803 /* FirebaseInAppMessagingSwift-Beta */ = {
			isa = XCSwiftPackageProductDependency;
			package = 3E9B2FF92B2812FE00408803 /* XCRemoteSwiftPackageReference "firebase-ios-sdk" */;
			productName = "FirebaseInAppMessagingSwift-Beta";
		};
		3E9B5C0C2B28225000408803 /* FirebaseInstallations */ = {
			isa = XCSwiftPackageProductDependency;
			package = 3E9B2FF92B2812FE00408803 /* XCRemoteSwiftPackageReference "firebase-ios-sdk" */;
			productName = FirebaseInstallations;
		};
		3E9B5C0E2B28225000408803 /* FirebaseMLModelDownloader */ = {
			isa = XCSwiftPackageProductDependency;
			package = 3E9B2FF92B2812FE00408803 /* XCRemoteSwiftPackageReference "firebase-ios-sdk" */;
			productName = FirebaseMLModelDownloader;
		};
		3E9B5C102B28225000408803 /* FirebaseMessaging */ = {
			isa = XCSwiftPackageProductDependency;
			package = 3E9B2FF92B2812FE00408803 /* XCRemoteSwiftPackageReference "firebase-ios-sdk" */;
			productName = FirebaseMessaging;
		};
		3E9B5C122B28225000408803 /* FirebasePerformance */ = {
			isa = XCSwiftPackageProductDependency;
			package = 3E9B2FF92B2812FE00408803 /* XCRemoteSwiftPackageReference "firebase-ios-sdk" */;
			productName = FirebasePerformance;
		};
		3E9B5C142B28225000408803 /* FirebaseRemoteConfig */ = {
			isa = XCSwiftPackageProductDependency;
			package = 3E9B2FF92B2812FE00408803 /* XCRemoteSwiftPackageReference "firebase-ios-sdk" */;
			productName = FirebaseRemoteConfig;
		};
		3E9B5C162B28225000408803 /* FirebaseRemoteConfigSwift */ = {
			isa = XCSwiftPackageProductDependency;
			package = 3E9B2FF92B2812FE00408803 /* XCRemoteSwiftPackageReference "firebase-ios-sdk" */;
			productName = FirebaseRemoteConfigSwift;
		};
		3E9B5C182B28225000408803 /* FirebaseStorage */ = {
			isa = XCSwiftPackageProductDependency;
			package = 3E9B2FF92B2812FE00408803 /* XCRemoteSwiftPackageReference "firebase-ios-sdk" */;
			productName = FirebaseStorage;
		};
		3E9B5C1A2B28225000408803 /* FirebaseStorageCombine-Community */ = {
			isa = XCSwiftPackageProductDependency;
			package = 3E9B2FF92B2812FE00408803 /* XCRemoteSwiftPackageReference "firebase-ios-sdk" */;
			productName = "FirebaseStorageCombine-Community";
		};
/* End XCSwiftPackageProductDependency section */
	};
	rootObject = 3E9ED55E2B27CAC5000CC7F9 /* Project object */;
}
